
Microsoft Visual Studio Solution File, Format Version 12.00
Project("{FAE04EC0-301F-11D3-BF4B-00C04F79EFBC}") = "WebDemoSite", "WebDemoSite\WebDemoSite.csproj", "{2B073898-0D10-4717-94F2-0C4993E0DCA0}"
EndProject
Project("{FAE04EC0-301F-11D3-BF4B-00C04F79EFBC}") = "ConsoleDemoApp", "ConsoleDemoApp\ConsoleDemoApp.csproj", "{7B4D508A-4E2C-4B67-833B-23304447FBBF}"
EndProject
Project("{FAE04EC0-301F-11D3-BF4B-00C04F79EFBC}") = "T1.SourceGenerator", "..\T1.SourceGenerator\T1.SourceGenerator\T1.SourceGenerator.csproj", "{5CA9F93E-309C-459C-9607-75A4D45E40FC}"
EndProject
Project("{FAE04EC0-301F-11D3-BF4B-00C04F79EFBC}") = "T1.SourceGenerator.Attributes", "..\T1.SourceGenerator\T1.SourceGenerator.Attributes\T1.SourceGenerator.Attributes.csproj", "{F9B7BD2F-423D-4334-93F0-22E672598352}"
EndProject
Global
	GlobalSection(SolutionConfigurationPlatforms) = preSolution
		Debug|Any CPU = Debug|Any CPU
		Release|Any CPU = Release|Any CPU
	EndGlobalSection
	GlobalSection(ProjectConfigurationPlatforms) = postSolution
		{2B073898-0D10-4717-94F2-0C4993E0DCA0}.Debug|Any CPU.ActiveCfg = Debug|Any CPU
		{2B073898-0D10-4717-94F2-0C4993E0DCA0}.Debug|Any CPU.Build.0 = Debug|Any CPU
		{2B073898-0D10-4717-94F2-0C4993E0DCA0}.Release|Any CPU.ActiveCfg = Release|Any CPU
		{2B073898-0D10-4717-94F2-0C4993E0DCA0}.Release|Any CPU.Build.0 = Release|Any CPU
		{7B4D508A-4E2C-4B67-833B-23304447FBBF}.Debug|Any CPU.ActiveCfg = Debug|Any CPU
		{7B4D508A-4E2C-4B67-833B-23304447FBBF}.Debug|Any CPU.Build.0 = Debug|Any CPU
		{7B4D508A-4E2C-4B67-833B-23304447FBBF}.Release|Any CPU.ActiveCfg = Release|Any CPU
		{7B4D508A-4E2C-4B67-833B-23304447FBBF}.Release|Any CPU.Build.0 = Release|Any CPU
		{5CA9F93E-309C-459C-9607-75A4D45E40FC}.Debug|Any CPU.ActiveCfg = Debug|Any CPU
		{5CA9F93E-309C-459C-9607-75A4D45E40FC}.Debug|Any CPU.Build.0 = Debug|Any CPU
		{5CA9F93E-309C-459C-9607-75A4D45E40FC}.Release|Any CPU.ActiveCfg = Release|Any CPU
		{5CA9F93E-309C-459C-9607-75A4D45E40FC}.Release|Any CPU.Build.0 = Release|Any CPU
		{F9B7BD2F-423D-4334-93F0-22E672598352}.Debug|Any CPU.ActiveCfg = Debug|Any CPU
		{F9B7BD2F-423D-4334-93F0-22E672598352}.Debug|Any CPU.Build.0 = Debug|Any CPU
		{F9B7BD2F-423D-4334-93F0-22E672598352}.Release|Any CPU.ActiveCfg = Release|Any CPU
		{F9B7BD2F-423D-4334-93F0-22E672598352}.Release|Any CPU.Build.0 = Release|Any CPU
	EndGlobalSection
EndGlobal
