
Microsoft Visual Studio Solution File, Format Version 12.00
# Visual Studio Version 17
VisualStudioVersion = 17.0.31903.59
MinimumVisualStudioVersion = 10.0.40219.1
Project("{FAE04EC0-301F-11D3-BF4B-00C04F79EFBC}") = "T1.EfCodeFirstGenerator", "T1.EfCodeFirstGenerator.csproj", "{364FA45E-C6EB-47C4-A4CE-8722F3E33900}"
EndProject
Project("{2150E333-8FDC-42A3-9474-1A3956D46DE8}") = "Example", "Example", "{1D587995-D2B1-D47C-23B4-E8E972FA15E9}"
EndProject
Project("{FAE04EC0-301F-11D3-BF4B-00C04F79EFBC}") = "ExampleUsage", "Example\ExampleUsage.csproj", "{C75EE73B-E07F-4638-8F8F-66048B636AB6}"
EndProject
Project("{FAE04EC0-301F-11D3-BF4B-00C04F79EFBC}") = "T1.EfCodeFirstGenerator.CLI", "T1.EfCodeFirstGenerator.CLI\T1.EfCodeFirstGenerator.CLI.csproj", "{39C484B5-1E69-4E62-9157-58A443588D83}"
EndProject
Global
	GlobalSection(SolutionConfigurationPlatforms) = preSolution
		Debug|Any CPU = Debug|Any CPU
		Debug|x64 = Debug|x64
		Debug|x86 = Debug|x86
		Release|Any CPU = Release|Any CPU
		Release|x64 = Release|x64
		Release|x86 = Release|x86
	EndGlobalSection
	GlobalSection(ProjectConfigurationPlatforms) = postSolution
		{364FA45E-C6EB-47C4-A4CE-8722F3E33900}.Debug|Any CPU.ActiveCfg = Debug|Any CPU
		{364FA45E-C6EB-47C4-A4CE-8722F3E33900}.Debug|Any CPU.Build.0 = Debug|Any CPU
		{364FA45E-C6EB-47C4-A4CE-8722F3E33900}.Debug|x64.ActiveCfg = Debug|Any CPU
		{364FA45E-C6EB-47C4-A4CE-8722F3E33900}.Debug|x64.Build.0 = Debug|Any CPU
		{364FA45E-C6EB-47C4-A4CE-8722F3E33900}.Debug|x86.ActiveCfg = Debug|Any CPU
		{364FA45E-C6EB-47C4-A4CE-8722F3E33900}.Debug|x86.Build.0 = Debug|Any CPU
		{364FA45E-C6EB-47C4-A4CE-8722F3E33900}.Release|Any CPU.ActiveCfg = Release|Any CPU
		{364FA45E-C6EB-47C4-A4CE-8722F3E33900}.Release|Any CPU.Build.0 = Release|Any CPU
		{364FA45E-C6EB-47C4-A4CE-8722F3E33900}.Release|x64.ActiveCfg = Release|Any CPU
		{364FA45E-C6EB-47C4-A4CE-8722F3E33900}.Release|x64.Build.0 = Release|Any CPU
		{364FA45E-C6EB-47C4-A4CE-8722F3E33900}.Release|x86.ActiveCfg = Release|Any CPU
		{364FA45E-C6EB-47C4-A4CE-8722F3E33900}.Release|x86.Build.0 = Release|Any CPU
		{C75EE73B-E07F-4638-8F8F-66048B636AB6}.Debug|Any CPU.ActiveCfg = Debug|Any CPU
		{C75EE73B-E07F-4638-8F8F-66048B636AB6}.Debug|Any CPU.Build.0 = Debug|Any CPU
		{C75EE73B-E07F-4638-8F8F-66048B636AB6}.Debug|x64.ActiveCfg = Debug|Any CPU
		{C75EE73B-E07F-4638-8F8F-66048B636AB6}.Debug|x64.Build.0 = Debug|Any CPU
		{C75EE73B-E07F-4638-8F8F-66048B636AB6}.Debug|x86.ActiveCfg = Debug|Any CPU
		{C75EE73B-E07F-4638-8F8F-66048B636AB6}.Debug|x86.Build.0 = Debug|Any CPU
		{C75EE73B-E07F-4638-8F8F-66048B636AB6}.Release|Any CPU.ActiveCfg = Release|Any CPU
		{C75EE73B-E07F-4638-8F8F-66048B636AB6}.Release|Any CPU.Build.0 = Release|Any CPU
		{C75EE73B-E07F-4638-8F8F-66048B636AB6}.Release|x64.ActiveCfg = Release|Any CPU
		{C75EE73B-E07F-4638-8F8F-66048B636AB6}.Release|x64.Build.0 = Release|Any CPU
		{C75EE73B-E07F-4638-8F8F-66048B636AB6}.Release|x86.ActiveCfg = Release|Any CPU
		{C75EE73B-E07F-4638-8F8F-66048B636AB6}.Release|x86.Build.0 = Release|Any CPU
		{39C484B5-1E69-4E62-9157-58A443588D83}.Debug|Any CPU.ActiveCfg = Debug|Any CPU
		{39C484B5-1E69-4E62-9157-58A443588D83}.Debug|Any CPU.Build.0 = Debug|Any CPU
		{39C484B5-1E69-4E62-9157-58A443588D83}.Debug|x64.ActiveCfg = Debug|Any CPU
		{39C484B5-1E69-4E62-9157-58A443588D83}.Debug|x64.Build.0 = Debug|Any CPU
		{39C484B5-1E69-4E62-9157-58A443588D83}.Debug|x86.ActiveCfg = Debug|Any CPU
		{39C484B5-1E69-4E62-9157-58A443588D83}.Debug|x86.Build.0 = Debug|Any CPU
		{39C484B5-1E69-4E62-9157-58A443588D83}.Release|Any CPU.ActiveCfg = Release|Any CPU
		{39C484B5-1E69-4E62-9157-58A443588D83}.Release|Any CPU.Build.0 = Release|Any CPU
		{39C484B5-1E69-4E62-9157-58A443588D83}.Release|x64.ActiveCfg = Release|Any CPU
		{39C484B5-1E69-4E62-9157-58A443588D83}.Release|x64.Build.0 = Release|Any CPU
		{39C484B5-1E69-4E62-9157-58A443588D83}.Release|x86.ActiveCfg = Release|Any CPU
		{39C484B5-1E69-4E62-9157-58A443588D83}.Release|x86.Build.0 = Release|Any CPU
	EndGlobalSection
	GlobalSection(SolutionProperties) = preSolution
		HideSolutionNode = FALSE
	EndGlobalSection
	GlobalSection(NestedProjects) = preSolution
		{C75EE73B-E07F-4638-8F8F-66048B636AB6} = {1D587995-D2B1-D47C-23B4-E8E972FA15E9}
	EndGlobalSection
EndGlobal
