
Microsoft Visual Studio Solution File, Format Version 12.00
Project("{FAE04EC0-301F-11D3-BF4B-00C04F79EFBC}") = "SlackExample", "SlackExample\SlackExample.csproj", "{AD04CBFC-90CB-4264-B585-CF6B26E101E5}"
EndProject
Global
	GlobalSection(SolutionConfigurationPlatforms) = preSolution
		Debug|Any CPU = Debug|Any CPU
		Release|Any CPU = Release|Any CPU
	EndGlobalSection
	GlobalSection(ProjectConfigurationPlatforms) = postSolution
		{AD04CBFC-90CB-4264-B585-CF6B26E101E5}.Debug|Any CPU.ActiveCfg = Debug|Any CPU
		{AD04CBFC-90CB-4264-B585-CF6B26E101E5}.Debug|Any CPU.Build.0 = Debug|Any CPU
		{AD04CBFC-90CB-4264-B585-CF6B26E101E5}.Release|Any CPU.ActiveCfg = Release|Any CPU
		{AD04CBFC-90CB-4264-B585-CF6B26E101E5}.Release|Any CPU.Build.0 = Release|Any CPU
	EndGlobalSection
EndGlobal
