
Microsoft Visual Studio Solution File, Format Version 12.00
# Visual Studio Version 17
VisualStudioVersion = 17.2.32526.322
MinimumVisualStudioVersion = 10.0.40219.1
Project("{9A19103F-16F7-4668-BE54-9A1E7A4F7556}") = "WCodeSnippetX", "WCodeSnippetX\WCodeSnippetX.csproj", "{D8A8B21A-F33F-4A58-957C-8455A008CDF1}"
EndProject
Project("{9A19103F-16F7-4668-BE54-9A1E7A4F7556}") = "T1.Standard", "..\..\..\MyGitHub\T1.Standard\T1.Standard\T1.Standard.csproj", "{FA42BCDA-5818-47BB-9D0A-44AAA791BE38}"
EndProject
Global
	GlobalSection(SolutionConfigurationPlatforms) = preSolution
		Debug|Any CPU = Debug|Any CPU
		Debug-2.0|Any CPU = Debug-2.0|Any CPU
		Release|Any CPU = Release|Any CPU
	EndGlobalSection
	GlobalSection(ProjectConfigurationPlatforms) = postSolution
		{D8A8B21A-F33F-4A58-957C-8455A008CDF1}.Debug|Any CPU.ActiveCfg = Debug|Any CPU
		{D8A8B21A-F33F-4A58-957C-8455A008CDF1}.Debug|Any CPU.Build.0 = Debug|Any CPU
		{D8A8B21A-F33F-4A58-957C-8455A008CDF1}.Debug-2.0|Any CPU.ActiveCfg = Debug|Any CPU
		{D8A8B21A-F33F-4A58-957C-8455A008CDF1}.Debug-2.0|Any CPU.Build.0 = Debug|Any CPU
		{D8A8B21A-F33F-4A58-957C-8455A008CDF1}.Release|Any CPU.ActiveCfg = Release|Any CPU
		{D8A8B21A-F33F-4A58-957C-8455A008CDF1}.Release|Any CPU.Build.0 = Release|Any CPU
		{FA42BCDA-5818-47BB-9D0A-44AAA791BE38}.Debug|Any CPU.ActiveCfg = Debug|Any CPU
		{FA42BCDA-5818-47BB-9D0A-44AAA791BE38}.Debug|Any CPU.Build.0 = Debug|Any CPU
		{FA42BCDA-5818-47BB-9D0A-44AAA791BE38}.Debug-2.0|Any CPU.ActiveCfg = Debug-2.0|Any CPU
		{FA42BCDA-5818-47BB-9D0A-44AAA791BE38}.Debug-2.0|Any CPU.Build.0 = Debug-2.0|Any CPU
		{FA42BCDA-5818-47BB-9D0A-44AAA791BE38}.Release|Any CPU.ActiveCfg = Release|Any CPU
		{FA42BCDA-5818-47BB-9D0A-44AAA791BE38}.Release|Any CPU.Build.0 = Release|Any CPU
	EndGlobalSection
	GlobalSection(SolutionProperties) = preSolution
		HideSolutionNode = FALSE
	EndGlobalSection
	GlobalSection(ExtensibilityGlobals) = postSolution
		SolutionGuid = {922BA21D-6BA7-4192-9022-BAC8E685FA30}
	EndGlobalSection
EndGlobal
