Microsoft Visual Studio Solution File, Format Version 12.00
# Visual Studio Version 17
VisualStudioVersion = 17.5.2.0
MinimumVisualStudioVersion = 10.0.40219.1
Project("{FAE04EC0-301F-11D3-BF4B-00C04F79EFBC}") = "T1.ClosedXmlKit", "T1.ClosedXmlKit.csproj", "{9C7837A1-F641-F0F3-510B-94F8ED147373}"
EndProject
Global
	GlobalSection(SolutionConfigurationPlatforms) = preSolution
		Debug|Any CPU = Debug|Any CPU
		Release|Any CPU = Release|Any CPU
	EndGlobalSection
	GlobalSection(ProjectConfigurationPlatforms) = postSolution
		{9C7837A1-F641-F0F3-510B-94F8ED147373}.Debug|Any CPU.ActiveCfg = Debug|Any CPU
		{9C7837A1-F641-F0F3-510B-94F8ED147373}.Debug|Any CPU.Build.0 = Debug|Any CPU
		{9C7837A1-F641-F0F3-510B-94F8ED147373}.Release|Any CPU.ActiveCfg = Release|Any CPU
		{9C7837A1-F641-F0F3-510B-94F8ED147373}.Release|Any CPU.Build.0 = Release|Any CPU
	EndGlobalSection
	GlobalSection(SolutionProperties) = preSolution
		HideSolutionNode = FALSE
	EndGlobalSection
	GlobalSection(ExtensibilityGlobals) = postSolution
		SolutionGuid = {40C7BFF5-47BA-4190-A7B0-D1F54A3FA184}
	EndGlobalSection
EndGlobal
