
Microsoft Visual Studio Solution File, Format Version 12.00
# Visual Studio 15
VisualStudioVersion = 15.0.28307.489
MinimumVisualStudioVersion = 10.0.40219.1
Project("{FAE04EC0-301F-11D3-BF4B-00C04F79EFBC}") = "Server", "Server\Server.csproj", "{8DF03026-AD35-481F-95EB-D440FA2D8373}"
EndProject
Project("{FAE04EC0-301F-11D3-BF4B-00C04F79EFBC}") = "Client", "Client\Client.csproj", "{4A5CD55F-9B5C-4F96-921D-A05357EA5473}"
EndProject
Project("{FAE04EC0-301F-11D3-BF4B-00C04F79EFBC}") = "Greeter", "Greeter\Greeter.csproj", "{14E04D76-1C06-4D76-B996-C66741C6BEF1}"
EndProject
Global
	GlobalSection(SolutionConfigurationPlatforms) = preSolution
		Debug|Any CPU = Debug|Any CPU
		Release|Any CPU = Release|Any CPU
	EndGlobalSection
	GlobalSection(ProjectConfigurationPlatforms) = postSolution
		{8DF03026-AD35-481F-95EB-D440FA2D8373}.Debug|Any CPU.ActiveCfg = Debug|Any CPU
		{8DF03026-AD35-481F-95EB-D440FA2D8373}.Debug|Any CPU.Build.0 = Debug|Any CPU
		{8DF03026-AD35-481F-95EB-D440FA2D8373}.Release|Any CPU.ActiveCfg = Release|Any CPU
		{8DF03026-AD35-481F-95EB-D440FA2D8373}.Release|Any CPU.Build.0 = Release|Any CPU
		{4A5CD55F-9B5C-4F96-921D-A05357EA5473}.Debug|Any CPU.ActiveCfg = Debug|Any CPU
		{4A5CD55F-9B5C-4F96-921D-A05357EA5473}.Debug|Any CPU.Build.0 = Debug|Any CPU
		{4A5CD55F-9B5C-4F96-921D-A05357EA5473}.Release|Any CPU.ActiveCfg = Release|Any CPU
		{4A5CD55F-9B5C-4F96-921D-A05357EA5473}.Release|Any CPU.Build.0 = Release|Any CPU
		{14E04D76-1C06-4D76-B996-C66741C6BEF1}.Debug|Any CPU.ActiveCfg = Debug|Any CPU
		{14E04D76-1C06-4D76-B996-C66741C6BEF1}.Debug|Any CPU.Build.0 = Debug|Any CPU
		{14E04D76-1C06-4D76-B996-C66741C6BEF1}.Release|Any CPU.ActiveCfg = Release|Any CPU
		{14E04D76-1C06-4D76-B996-C66741C6BEF1}.Release|Any CPU.Build.0 = Release|Any CPU
	EndGlobalSection
	GlobalSection(SolutionProperties) = preSolution
		HideSolutionNode = FALSE
	EndGlobalSection
	GlobalSection(ExtensibilityGlobals) = postSolution
		SolutionGuid = {939A660F-CE81-461A-A28E-136CA3DD3CE1}
	EndGlobalSection
EndGlobal
