
Microsoft Visual Studio Solution File, Format Version 12.00
# Visual Studio 15
VisualStudioVersion = 15.0.28307.645
MinimumVisualStudioVersion = 10.0.40219.1
Project("{9092AA53-FB77-4645-B42D-1CCCA6BD08BD}") = "Vue-Dynamic-Component", "Vue-Dynamic-Component\Vue-Dynamic-Component.njsproj", "{BDE37983-913A-4F9E-921C-89873A15AA9D}"
EndProject
Global
	GlobalSection(SolutionConfigurationPlatforms) = preSolution
		Debug|Any CPU = Debug|Any CPU
		Release|Any CPU = Release|Any CPU
	EndGlobalSection
	GlobalSection(ProjectConfigurationPlatforms) = postSolution
		{BDE37983-913A-4F9E-921C-89873A15AA9D}.Debug|Any CPU.ActiveCfg = Debug|Any CPU
		{BDE37983-913A-4F9E-921C-89873A15AA9D}.Debug|Any CPU.Build.0 = Debug|Any CPU
		{BDE37983-913A-4F9E-921C-89873A15AA9D}.Release|Any CPU.ActiveCfg = Release|Any CPU
		{BDE37983-913A-4F9E-921C-89873A15AA9D}.Release|Any CPU.Build.0 = Release|Any CPU
	EndGlobalSection
	GlobalSection(SolutionProperties) = preSolution
		HideSolutionNode = FALSE
	EndGlobalSection
	GlobalSection(ExtensibilityGlobals) = postSolution
		SolutionGuid = {803ECD36-5126-47CE-B325-CFFF62DA1A30}
	EndGlobalSection
EndGlobal
