
Microsoft Visual Studio Solution File, Format Version 12.00
Project("{FAE04EC0-301F-11D3-BF4B-00C04F79EFBC}") = "CheckAssemblyList", "CheckAssemblyList\CheckAssemblyList.csproj", "{EA273678-B83B-47B5-B5E6-1980A5D10AF2}"
EndProject
Global
	GlobalSection(SolutionConfigurationPlatforms) = preSolution
		Debug|Any CPU = Debug|Any CPU
		Release|Any CPU = Release|Any CPU
	EndGlobalSection
	GlobalSection(ProjectConfigurationPlatforms) = postSolution
		{EA273678-B83B-47B5-B5E6-1980A5D10AF2}.Debug|Any CPU.ActiveCfg = Debug|Any CPU
		{EA273678-B83B-47B5-B5E6-1980A5D10AF2}.Debug|Any CPU.Build.0 = Debug|Any CPU
		{EA273678-B83B-47B5-B5E6-1980A5D10AF2}.Release|Any CPU.ActiveCfg = Release|Any CPU
		{EA273678-B83B-47B5-B5E6-1980A5D10AF2}.Release|Any CPU.Build.0 = Release|Any CPU
	EndGlobalSection
EndGlobal
