
Microsoft Visual Studio Solution File, Format Version 12.00
# Visual Studio Version 17
VisualStudioVersion = 17.2.32616.157
MinimumVisualStudioVersion = 10.0.40219.1
Project("{9A19103F-16F7-4668-BE54-9A1E7A4F7556}") = "WebSample", "WebSample\WebSample.csproj", "{92E1CB15-AE88-43ED-9910-8E4E254F1411}"
EndProject
Project("{FAE04EC0-301F-11D3-BF4B-00C04F79EFBC}") = "MyTests", "MyTests\MyTests.csproj", "{B49BC8BE-FC2E-4334-8C4C-006F5AEBFA81}"
EndProject
Project("{FAE04EC0-301F-11D3-BF4B-00C04F79EFBC}") = "PerformanceTest", "PerformanceTest\PerformanceTest.csproj", "{920E516E-24B8-41C2-9432-1D7F15A5EC26}"
EndProject
Global
	GlobalSection(SolutionConfigurationPlatforms) = preSolution
		Debug|Any CPU = Debug|Any CPU
		Release|Any CPU = Release|Any CPU
	EndGlobalSection
	GlobalSection(ProjectConfigurationPlatforms) = postSolution
		{92E1CB15-AE88-43ED-9910-8E4E254F1411}.Debug|Any CPU.ActiveCfg = Debug|Any CPU
		{92E1CB15-AE88-43ED-9910-8E4E254F1411}.Debug|Any CPU.Build.0 = Debug|Any CPU
		{92E1CB15-AE88-43ED-9910-8E4E254F1411}.Release|Any CPU.ActiveCfg = Release|Any CPU
		{92E1CB15-AE88-43ED-9910-8E4E254F1411}.Release|Any CPU.Build.0 = Release|Any CPU
		{B49BC8BE-FC2E-4334-8C4C-006F5AEBFA81}.Debug|Any CPU.ActiveCfg = Debug|Any CPU
		{B49BC8BE-FC2E-4334-8C4C-006F5AEBFA81}.Debug|Any CPU.Build.0 = Debug|Any CPU
		{B49BC8BE-FC2E-4334-8C4C-006F5AEBFA81}.Release|Any CPU.ActiveCfg = Release|Any CPU
		{B49BC8BE-FC2E-4334-8C4C-006F5AEBFA81}.Release|Any CPU.Build.0 = Release|Any CPU
		{920E516E-24B8-41C2-9432-1D7F15A5EC26}.Debug|Any CPU.ActiveCfg = Debug|Any CPU
		{920E516E-24B8-41C2-9432-1D7F15A5EC26}.Debug|Any CPU.Build.0 = Debug|Any CPU
		{920E516E-24B8-41C2-9432-1D7F15A5EC26}.Release|Any CPU.ActiveCfg = Release|Any CPU
		{920E516E-24B8-41C2-9432-1D7F15A5EC26}.Release|Any CPU.Build.0 = Release|Any CPU
	EndGlobalSection
	GlobalSection(SolutionProperties) = preSolution
		HideSolutionNode = FALSE
	EndGlobalSection
	GlobalSection(ExtensibilityGlobals) = postSolution
		SolutionGuid = {B8321F73-CADF-4294-B624-286AF147C409}
	EndGlobalSection
EndGlobal
