
Microsoft Visual Studio Solution File, Format Version 12.00
Project("{FAE04EC0-301F-11D3-BF4B-00C04F79EFBC}") = "cs-qdrant-demo", "cs-qdrant-demo\cs-qdrant-demo.csproj", "{B7085B17-8C74-47BD-ADAB-DECCA8B48DC4}"
EndProject
Global
	GlobalSection(SolutionConfigurationPlatforms) = preSolution
		Debug|Any CPU = Debug|Any CPU
		Release|Any CPU = Release|Any CPU
	EndGlobalSection
	GlobalSection(ProjectConfigurationPlatforms) = postSolution
		{B7085B17-8C74-47BD-ADAB-DECCA8B48DC4}.Debug|Any CPU.ActiveCfg = Debug|Any CPU
		{B7085B17-8C74-47BD-ADAB-DECCA8B48DC4}.Debug|Any CPU.Build.0 = Debug|Any CPU
		{B7085B17-8C74-47BD-ADAB-DECCA8B48DC4}.Release|Any CPU.ActiveCfg = Release|Any CPU
		{B7085B17-8C74-47BD-ADAB-DECCA8B48DC4}.Release|Any CPU.Build.0 = Release|Any CPU
	EndGlobalSection
EndGlobal
