
Microsoft Visual Studio Solution File, Format Version 12.00
Project("{FAE04EC0-301F-11D3-BF4B-00C04F79EFBC}") = "RecursiveDescentParserDemo", "RecursiveDescentParserDemo\RecursiveDescentParserDemo.csproj", "{CAC93989-FD19-48CE-8CEC-792D11F6E357}"
EndProject
Global
	GlobalSection(SolutionConfigurationPlatforms) = preSolution
		Debug|Any CPU = Debug|Any CPU
		Release|Any CPU = Release|Any CPU
	EndGlobalSection
	GlobalSection(ProjectConfigurationPlatforms) = postSolution
		{CAC93989-FD19-48CE-8CEC-792D11F6E357}.Debug|Any CPU.ActiveCfg = Debug|Any CPU
		{CAC93989-FD19-48CE-8CEC-792D11F6E357}.Debug|Any CPU.Build.0 = Debug|Any CPU
		{CAC93989-FD19-48CE-8CEC-792D11F6E357}.Release|Any CPU.ActiveCfg = Release|Any CPU
		{CAC93989-FD19-48CE-8CEC-792D11F6E357}.Release|Any CPU.Build.0 = Release|Any CPU
	EndGlobalSection
EndGlobal
