
Microsoft Visual Studio Solution File, Format Version 12.00
# Visual Studio 15
VisualStudioVersion = 15.0.28307.705
MinimumVisualStudioVersion = 10.0.40219.1
Project("{FAE04EC0-301F-11D3-BF4B-00C04F79EFBC}") = "ChargeLimitConfig-DesignPattern1", "ChargeLimitConfig-DesignPattern1\ChargeLimitConfig-DesignPattern1.csproj", "{AB74B847-7266-4426-84CA-93568041029C}"
EndProject
Global
	GlobalSection(SolutionConfigurationPlatforms) = preSolution
		Debug|Any CPU = Debug|Any CPU
		Release|Any CPU = Release|Any CPU
	EndGlobalSection
	GlobalSection(ProjectConfigurationPlatforms) = postSolution
		{AB74B847-7266-4426-84CA-93568041029C}.Debug|Any CPU.ActiveCfg = Debug|Any CPU
		{AB74B847-7266-4426-84CA-93568041029C}.Debug|Any CPU.Build.0 = Debug|Any CPU
		{AB74B847-7266-4426-84CA-93568041029C}.Release|Any CPU.ActiveCfg = Release|Any CPU
		{AB74B847-7266-4426-84CA-93568041029C}.Release|Any CPU.Build.0 = Release|Any CPU
	EndGlobalSection
	GlobalSection(SolutionProperties) = preSolution
		HideSolutionNode = FALSE
	EndGlobalSection
	GlobalSection(ExtensibilityGlobals) = postSolution
		SolutionGuid = {C6F7837B-EE71-435D-B141-9B807BFA9E36}
	EndGlobalSection
EndGlobal
