
Microsoft Visual Studio Solution File, Format Version 12.00
# Visual Studio Version 17
VisualStudioVersion = 17.1.32407.343
MinimumVisualStudioVersion = 10.0.40219.1
Project("{9A19103F-16F7-4668-BE54-9A1E7A4F7556}") = "T1.CodeDom", "T1.CodeDom\T1.CodeDom.csproj", "{5E7691B1-3F7D-4A15-AFDB-5DE3022E5226}"
EndProject
Project("{FAE04EC0-301F-11D3-BF4B-00C04F79EFBC}") = "CodeDomTests", "CodeDomTests\CodeDomTests.csproj", "{D9C71F29-262D-485F-8C4C-0A889115E77E}"
EndProject
Global
	GlobalSection(SolutionConfigurationPlatforms) = preSolution
		Debug|Any CPU = Debug|Any CPU
		Release|Any CPU = Release|Any CPU
	EndGlobalSection
	GlobalSection(ProjectConfigurationPlatforms) = postSolution
		{5E7691B1-3F7D-4A15-AFDB-5DE3022E5226}.Debug|Any CPU.ActiveCfg = Debug|Any CPU
		{5E7691B1-3F7D-4A15-AFDB-5DE3022E5226}.Debug|Any CPU.Build.0 = Debug|Any CPU
		{5E7691B1-3F7D-4A15-AFDB-5DE3022E5226}.Release|Any CPU.ActiveCfg = Release|Any CPU
		{5E7691B1-3F7D-4A15-AFDB-5DE3022E5226}.Release|Any CPU.Build.0 = Release|Any CPU
		{D9C71F29-262D-485F-8C4C-0A889115E77E}.Debug|Any CPU.ActiveCfg = Debug|Any CPU
		{D9C71F29-262D-485F-8C4C-0A889115E77E}.Debug|Any CPU.Build.0 = Debug|Any CPU
		{D9C71F29-262D-485F-8C4C-0A889115E77E}.Release|Any CPU.ActiveCfg = Release|Any CPU
		{D9C71F29-262D-485F-8C4C-0A889115E77E}.Release|Any CPU.Build.0 = Release|Any CPU
	EndGlobalSection
	GlobalSection(SolutionProperties) = preSolution
		HideSolutionNode = FALSE
	EndGlobalSection
	GlobalSection(ExtensibilityGlobals) = postSolution
		SolutionGuid = {B18C3E13-5C9D-4F9B-9C79-5B29BB261273}
	EndGlobalSection
EndGlobal
