
Microsoft Visual Studio Solution File, Format Version 12.00
Project("{FAE04EC0-301F-11D3-BF4B-00C04F79EFBC}") = "ChatTrainDataWeb", "ChatTrainDataWeb\ChatTrainDataWeb.csproj", "{9024F0EF-9D4C-4C65-BDFE-7E1AE458D25A}"
EndProject
Global
	GlobalSection(SolutionConfigurationPlatforms) = preSolution
		Debug|Any CPU = Debug|Any CPU
		Release|Any CPU = Release|Any CPU
	EndGlobalSection
	GlobalSection(ProjectConfigurationPlatforms) = postSolution
		{9024F0EF-9D4C-4C65-BDFE-7E1AE458D25A}.Debug|Any CPU.ActiveCfg = Debug|Any CPU
		{9024F0EF-9D4C-4C65-BDFE-7E1AE458D25A}.Debug|Any CPU.Build.0 = Debug|Any CPU
		{9024F0EF-9D4C-4C65-BDFE-7E1AE458D25A}.Release|Any CPU.ActiveCfg = Release|Any CPU
		{9024F0EF-9D4C-4C65-BDFE-7E1AE458D25A}.Release|Any CPU.Build.0 = Release|Any CPU
	EndGlobalSection
EndGlobal
