
Microsoft Visual Studio Solution File, Format Version 12.00
Project("{FAE04EC0-301F-11D3-BF4B-00C04F79EFBC}") = "T1.EfCore", "T1.EfCore\T1.EfCore.csproj", "{85CE9981-9552-4ECA-BB25-3B0EBA3E9F7D}"
EndProject
Project("{FAE04EC0-301F-11D3-BF4B-00C04F79EFBC}") = "T1.EFCoreTests", "T1.EFCoreTests\T1.EFCoreTests.csproj", "{93010C1B-8863-495D-B5D4-A4F48215B8E9}"
EndProject
Global
	GlobalSection(SolutionConfigurationPlatforms) = preSolution
		Debug|Any CPU = Debug|Any CPU
		Release|Any CPU = Release|Any CPU
	EndGlobalSection
	GlobalSection(ProjectConfigurationPlatforms) = postSolution
		{85CE9981-9552-4ECA-BB25-3B0EBA3E9F7D}.Debug|Any CPU.ActiveCfg = Debug|Any CPU
		{85CE9981-9552-4ECA-BB25-3B0EBA3E9F7D}.Debug|Any CPU.Build.0 = Debug|Any CPU
		{85CE9981-9552-4ECA-BB25-3B0EBA3E9F7D}.Release|Any CPU.ActiveCfg = Release|Any CPU
		{85CE9981-9552-4ECA-BB25-3B0EBA3E9F7D}.Release|Any CPU.Build.0 = Release|Any CPU
		{93010C1B-8863-495D-B5D4-A4F48215B8E9}.Debug|Any CPU.ActiveCfg = Debug|Any CPU
		{93010C1B-8863-495D-B5D4-A4F48215B8E9}.Debug|Any CPU.Build.0 = Debug|Any CPU
		{93010C1B-8863-495D-B5D4-A4F48215B8E9}.Release|Any CPU.ActiveCfg = Release|Any CPU
		{93010C1B-8863-495D-B5D4-A4F48215B8E9}.Release|Any CPU.Build.0 = Release|Any CPU
	EndGlobalSection
EndGlobal
