Microsoft Visual Studio Solution File, Format Version 12.00
# Visual Studio Version 17
VisualStudioVersion = 17.5.2.0
MinimumVisualStudioVersion = 10.0.40219.1
Project("{FAE04EC0-301F-11D3-BF4B-00C04F79EFBC}") = "VimSharpApp", "VimSharpApp.csproj", "{A34DA84C-CD91-4687-A2C1-1853F6476C0A}"
EndProject
Global
	GlobalSection(SolutionConfigurationPlatforms) = preSolution
		Debug|Any CPU = Debug|Any CPU
		Release|Any CPU = Release|Any CPU
	EndGlobalSection
	GlobalSection(ProjectConfigurationPlatforms) = postSolution
		{A34DA84C-CD91-4687-A2C1-1853F6476C0A}.Debug|Any CPU.ActiveCfg = Debug|Any CPU
		{A34DA84C-CD91-4687-A2C1-1853F6476C0A}.Debug|Any CPU.Build.0 = Debug|Any CPU
		{A34DA84C-CD91-4687-A2C1-1853F6476C0A}.Release|Any CPU.ActiveCfg = Release|Any CPU
		{A34DA84C-CD91-4687-A2C1-1853F6476C0A}.Release|Any CPU.Build.0 = Release|Any CPU
	EndGlobalSection
	GlobalSection(SolutionProperties) = preSolution
		HideSolutionNode = FALSE
	EndGlobalSection
	GlobalSection(ExtensibilityGlobals) = postSolution
		SolutionGuid = {7A287CB3-7F4F-4E28-BC89-854C9A552B8E}
	EndGlobalSection
EndGlobal
