
Microsoft Visual Studio Solution File, Format Version 12.00
Project("{FAE04EC0-301F-11D3-BF4B-00C04F79EFBC}") = "Generate-Train-Data", "Generate-Train-Data\Generate-Train-Data.csproj", "{506488FB-655D-4DBB-B859-632E6B770CB8}"
EndProject
Global
	GlobalSection(SolutionConfigurationPlatforms) = preSolution
		Debug|Any CPU = Debug|Any CPU
		Release|Any CPU = Release|Any CPU
	EndGlobalSection
	GlobalSection(ProjectConfigurationPlatforms) = postSolution
		{506488FB-655D-4DBB-B859-632E6B770CB8}.Debug|Any CPU.ActiveCfg = Debug|Any CPU
		{506488FB-655D-4DBB-B859-632E6B770CB8}.Debug|Any CPU.Build.0 = Debug|Any CPU
		{506488FB-655D-4DBB-B859-632E6B770CB8}.Release|Any CPU.ActiveCfg = Release|Any CPU
		{506488FB-655D-4DBB-B859-632E6B770CB8}.Release|Any CPU.Build.0 = Release|Any CPU
	EndGlobalSection
EndGlobal
