
Microsoft Visual Studio Solution File, Format Version 12.00
# Visual Studio Version 17
VisualStudioVersion = 17.2.32526.322
MinimumVisualStudioVersion = 10.0.40219.1
Project("{FAE04EC0-301F-11D3-BF4B-00C04F79EFBC}") = "DrawPen", "DrawPen\DrawPen.csproj", "{C9009AA1-E930-48B8-9CB0-20EA2681A6B5}"
EndProject
Global
	GlobalSection(SolutionConfigurationPlatforms) = preSolution
		Debug|Any CPU = Debug|Any CPU
		Release|Any CPU = Release|Any CPU
	EndGlobalSection
	GlobalSection(ProjectConfigurationPlatforms) = postSolution
		{C9009AA1-E930-48B8-9CB0-20EA2681A6B5}.Debug|Any CPU.ActiveCfg = Debug|Any CPU
		{C9009AA1-E930-48B8-9CB0-20EA2681A6B5}.Debug|Any CPU.Build.0 = Debug|Any CPU
		{C9009AA1-E930-48B8-9CB0-20EA2681A6B5}.Release|Any CPU.ActiveCfg = Release|Any CPU
		{C9009AA1-E930-48B8-9CB0-20EA2681A6B5}.Release|Any CPU.Build.0 = Release|Any CPU
	EndGlobalSection
	GlobalSection(SolutionProperties) = preSolution
		HideSolutionNode = FALSE
	EndGlobalSection
	GlobalSection(ExtensibilityGlobals) = postSolution
		SolutionGuid = {31A110C1-FA19-4A47-A916-71C911C29C49}
	EndGlobalSection
EndGlobal
