
Microsoft Visual Studio Solution File, Format Version 12.00
Project("{FAE04EC0-301F-11D3-BF4B-00C04F79EFBC}") = "TestSyntaxTree", "TestSyntaxTree\TestSyntaxTree.csproj", "{A3872C77-57C5-481A-AA55-0A860C0CD895}"
EndProject
Global
	GlobalSection(SolutionConfigurationPlatforms) = preSolution
		Debug|Any CPU = Debug|Any CPU
		Release|Any CPU = Release|Any CPU
	EndGlobalSection
	GlobalSection(ProjectConfigurationPlatforms) = postSolution
		{A3872C77-57C5-481A-AA55-0A860C0CD895}.Debug|Any CPU.ActiveCfg = Debug|Any CPU
		{A3872C77-57C5-481A-AA55-0A860C0CD895}.Debug|Any CPU.Build.0 = Debug|Any CPU
		{A3872C77-57C5-481A-AA55-0A860C0CD895}.Release|Any CPU.ActiveCfg = Release|Any CPU
		{A3872C77-57C5-481A-AA55-0A860C0CD895}.Release|Any CPU.Build.0 = Release|Any CPU
	EndGlobalSection
EndGlobal
