
Microsoft Visual Studio Solution File, Format Version 12.00
# Visual Studio Version 17
VisualStudioVersion = 17.1.32319.34
MinimumVisualStudioVersion = 10.0.40219.1
Project("{FAE04EC0-301F-11D3-BF4B-00C04F79EFBC}") = "SqliteCli", "SqliteCli\SqliteCli.csproj", "{CCEE85FA-D8BB-4363-B5C3-8FD918962B32}"
EndProject
Project("{FAE04EC0-301F-11D3-BF4B-00C04F79EFBC}") = "SqliteCliTests", "SqliteCliTests\SqliteCliTests.csproj", "{A8591C9B-8DF1-4BC5-8FB3-1250E16B24E3}"
EndProject
Global
	GlobalSection(SolutionConfigurationPlatforms) = preSolution
		Debug|Any CPU = Debug|Any CPU
		Release|Any CPU = Release|Any CPU
	EndGlobalSection
	GlobalSection(ProjectConfigurationPlatforms) = postSolution
		{CCEE85FA-D8BB-4363-B5C3-8FD918962B32}.Debug|Any CPU.ActiveCfg = Debug|Any CPU
		{CCEE85FA-D8BB-4363-B5C3-8FD918962B32}.Debug|Any CPU.Build.0 = Debug|Any CPU
		{CCEE85FA-D8BB-4363-B5C3-8FD918962B32}.Release|Any CPU.ActiveCfg = Release|Any CPU
		{CCEE85FA-D8BB-4363-B5C3-8FD918962B32}.Release|Any CPU.Build.0 = Release|Any CPU
		{A8591C9B-8DF1-4BC5-8FB3-1250E16B24E3}.Debug|Any CPU.ActiveCfg = Debug|Any CPU
		{A8591C9B-8DF1-4BC5-8FB3-1250E16B24E3}.Debug|Any CPU.Build.0 = Debug|Any CPU
		{A8591C9B-8DF1-4BC5-8FB3-1250E16B24E3}.Release|Any CPU.ActiveCfg = Release|Any CPU
		{A8591C9B-8DF1-4BC5-8FB3-1250E16B24E3}.Release|Any CPU.Build.0 = Release|Any CPU
	EndGlobalSection
	GlobalSection(SolutionProperties) = preSolution
		HideSolutionNode = FALSE
	EndGlobalSection
	GlobalSection(ExtensibilityGlobals) = postSolution
		SolutionGuid = {AFEBE835-3FB3-4154-9C37-01314C648B13}
	EndGlobalSection
EndGlobal
