
Microsoft Visual Studio Solution File, Format Version 12.00
Project("{FAE04EC0-301F-11D3-BF4B-00C04F79EFBC}") = "SqlSharp", "SqlSharp\SqlSharp.csproj", "{458EB93C-3B27-41AC-A857-4C1D43FBC419}"
EndProject
Project("{FAE04EC0-301F-11D3-BF4B-00C04F79EFBC}") = "SqlSharpLit", "SqlSharpLit\SqlSharpLit.csproj", "{FFF0EB4A-9B4C-4EB9-8105-F2B62E4911F0}"
EndProject
Project("{FAE04EC0-301F-11D3-BF4B-00C04F79EFBC}") = "SqlSharpTests", "SqlSharpTests\SqlSharpTests.csproj", "{9774B1AC-630F-4DF6-B5EB-678EAC57F761}"
EndProject
Project("{2150E333-8FDC-42A3-9474-1A3956D46DE8}") = "Solution Items", "Solution Items", "{8057EDBD-E43E-4BED-8887-089FECA50419}"
	ProjectSection(SolutionItems) = preProject
		docker-compose.yml = docker-compose.yml
	EndProjectSection
EndProject
Global
	GlobalSection(SolutionConfigurationPlatforms) = preSolution
		Debug|Any CPU = Debug|Any CPU
		Release|Any CPU = Release|Any CPU
	EndGlobalSection
	GlobalSection(ProjectConfigurationPlatforms) = postSolution
		{458EB93C-3B27-41AC-A857-4C1D43FBC419}.Debug|Any CPU.ActiveCfg = Debug|Any CPU
		{458EB93C-3B27-41AC-A857-4C1D43FBC419}.Debug|Any CPU.Build.0 = Debug|Any CPU
		{458EB93C-3B27-41AC-A857-4C1D43FBC419}.Release|Any CPU.ActiveCfg = Release|Any CPU
		{458EB93C-3B27-41AC-A857-4C1D43FBC419}.Release|Any CPU.Build.0 = Release|Any CPU
		{FFF0EB4A-9B4C-4EB9-8105-F2B62E4911F0}.Debug|Any CPU.ActiveCfg = Debug|Any CPU
		{FFF0EB4A-9B4C-4EB9-8105-F2B62E4911F0}.Debug|Any CPU.Build.0 = Debug|Any CPU
		{FFF0EB4A-9B4C-4EB9-8105-F2B62E4911F0}.Release|Any CPU.ActiveCfg = Release|Any CPU
		{FFF0EB4A-9B4C-4EB9-8105-F2B62E4911F0}.Release|Any CPU.Build.0 = Release|Any CPU
		{9774B1AC-630F-4DF6-B5EB-678EAC57F761}.Debug|Any CPU.ActiveCfg = Debug|Any CPU
		{9774B1AC-630F-4DF6-B5EB-678EAC57F761}.Debug|Any CPU.Build.0 = Debug|Any CPU
		{9774B1AC-630F-4DF6-B5EB-678EAC57F761}.Release|Any CPU.ActiveCfg = Release|Any CPU
		{9774B1AC-630F-4DF6-B5EB-678EAC57F761}.Release|Any CPU.Build.0 = Release|Any CPU
	EndGlobalSection
EndGlobal
