
Microsoft Visual Studio Solution File, Format Version 12.00
Project("{FAE04EC0-301F-11D3-BF4B-00C04F79EFBC}") = "SqlSharp", "SqlSharp\SqlSharp.csproj", "{458EB93C-3B27-41AC-A857-4C1D43FBC419}"
EndProject
Project("{FAE04EC0-301F-11D3-BF4B-00C04F79EFBC}") = "SqlSharpLit", "SqlSharpLit\SqlSharpLit.csproj", "{FFF0EB4A-9B4C-4EB9-8105-F2B62E4911F0}"
EndProject
Global
	GlobalSection(SolutionConfigurationPlatforms) = preSolution
		Debug|Any CPU = Debug|Any CPU
		Release|Any CPU = Release|Any CPU
	EndGlobalSection
	GlobalSection(ProjectConfigurationPlatforms) = postSolution
		{458EB93C-3B27-41AC-A857-4C1D43FBC419}.Debug|Any CPU.ActiveCfg = Debug|Any CPU
		{458EB93C-3B27-41AC-A857-4C1D43FBC419}.Debug|Any CPU.Build.0 = Debug|Any CPU
		{458EB93C-3B27-41AC-A857-4C1D43FBC419}.Release|Any CPU.ActiveCfg = Release|Any CPU
		{458EB93C-3B27-41AC-A857-4C1D43FBC419}.Release|Any CPU.Build.0 = Release|Any CPU
		{FFF0EB4A-9B4C-4EB9-8105-F2B62E4911F0}.Debug|Any CPU.ActiveCfg = Debug|Any CPU
		{FFF0EB4A-9B4C-4EB9-8105-F2B62E4911F0}.Debug|Any CPU.Build.0 = Debug|Any CPU
		{FFF0EB4A-9B4C-4EB9-8105-F2B62E4911F0}.Release|Any CPU.ActiveCfg = Release|Any CPU
		{FFF0EB4A-9B4C-4EB9-8105-F2B62E4911F0}.Release|Any CPU.Build.0 = Release|Any CPU
	EndGlobalSection
EndGlobal
