
Microsoft Visual Studio Solution File, Format Version 12.00
Project("{FAE04EC0-301F-11D3-BF4B-00C04F79EFBC}") = "CallChatGpt", "CallChatGpt\CallChatGpt.csproj", "{2B98D146-DC44-4A6A-847F-7EA82ED9F458}"
EndProject
Global
	GlobalSection(SolutionConfigurationPlatforms) = preSolution
		Debug|Any CPU = Debug|Any CPU
		Release|Any CPU = Release|Any CPU
	EndGlobalSection
	GlobalSection(ProjectConfigurationPlatforms) = postSolution
		{2B98D146-DC44-4A6A-847F-7EA82ED9F458}.Debug|Any CPU.ActiveCfg = Debug|Any CPU
		{2B98D146-DC44-4A6A-847F-7EA82ED9F458}.Debug|Any CPU.Build.0 = Debug|Any CPU
		{2B98D146-DC44-4A6A-847F-7EA82ED9F458}.Release|Any CPU.ActiveCfg = Release|Any CPU
		{2B98D146-DC44-4A6A-847F-7EA82ED9F458}.Release|Any CPU.Build.0 = Release|Any CPU
	EndGlobalSection
EndGlobal
