
Microsoft Visual Studio Solution File, Format Version 12.00
# Visual Studio Version 17
VisualStudioVersion = 17.4.33213.308
MinimumVisualStudioVersion = 10.0.40219.1
Project("{FAE04EC0-301F-11D3-BF4B-00C04F79EFBC}") = "T1.WebTools", "T1.WebTools\T1.WebTools.csproj", "{EA39CDBB-8F41-4014-8D1B-298441CFF1D9}"
EndProject
Project("{FAE04EC0-301F-11D3-BF4B-00C04F79EFBC}") = "DemoWeb", "DemoWeb\DemoWeb.csproj", "{86A8386A-D9FD-4546-A917-8B6D2D7BBC4A}"
EndProject
Global
	GlobalSection(SolutionConfigurationPlatforms) = preSolution
		Debug|Any CPU = Debug|Any CPU
		Release|Any CPU = Release|Any CPU
	EndGlobalSection
	GlobalSection(ProjectConfigurationPlatforms) = postSolution
		{EA39CDBB-8F41-4014-8D1B-298441CFF1D9}.Debug|Any CPU.ActiveCfg = Debug|Any CPU
		{EA39CDBB-8F41-4014-8D1B-298441CFF1D9}.Debug|Any CPU.Build.0 = Debug|Any CPU
		{EA39CDBB-8F41-4014-8D1B-298441CFF1D9}.Release|Any CPU.ActiveCfg = Release|Any CPU
		{EA39CDBB-8F41-4014-8D1B-298441CFF1D9}.Release|Any CPU.Build.0 = Release|Any CPU
		{86A8386A-D9FD-4546-A917-8B6D2D7BBC4A}.Debug|Any CPU.ActiveCfg = Debug|Any CPU
		{86A8386A-D9FD-4546-A917-8B6D2D7BBC4A}.Debug|Any CPU.Build.0 = Debug|Any CPU
		{86A8386A-D9FD-4546-A917-8B6D2D7BBC4A}.Release|Any CPU.ActiveCfg = Release|Any CPU
		{86A8386A-D9FD-4546-A917-8B6D2D7BBC4A}.Release|Any CPU.Build.0 = Release|Any CPU
	EndGlobalSection
	GlobalSection(SolutionProperties) = preSolution
		HideSolutionNode = FALSE
	EndGlobalSection
	GlobalSection(ExtensibilityGlobals) = postSolution
		SolutionGuid = {5017345E-0E29-4F90-9608-B52FB54F367B}
	EndGlobalSection
EndGlobal
