
Microsoft Visual Studio Solution File, Format Version 12.00
Project("{FAE04EC0-301F-11D3-BF4B-00C04F79EFBC}") = "T1.LargeUtils", "T1.LargeUtils\T1.LargeUtils.csproj", "{090E6FAE-FF86-482B-B565-3ABCEBB80055}"
EndProject
Project("{FAE04EC0-301F-11D3-BF4B-00C04F79EFBC}") = "LargeUtilsTests", "LargeUtilsTests\LargeUtilsTests.csproj", "{1BCC9995-871D-40EF-8E74-81B60D806AD4}"
EndProject
Global
	GlobalSection(SolutionConfigurationPlatforms) = preSolution
		Debug|Any CPU = Debug|Any CPU
		Release|Any CPU = Release|Any CPU
	EndGlobalSection
	GlobalSection(ProjectConfigurationPlatforms) = postSolution
		{090E6FAE-FF86-482B-B565-3ABCEBB80055}.Debug|Any CPU.ActiveCfg = Debug|Any CPU
		{090E6FAE-FF86-482B-B565-3ABCEBB80055}.Debug|Any CPU.Build.0 = Debug|Any CPU
		{090E6FAE-FF86-482B-B565-3ABCEBB80055}.Release|Any CPU.ActiveCfg = Release|Any CPU
		{090E6FAE-FF86-482B-B565-3ABCEBB80055}.Release|Any CPU.Build.0 = Release|Any CPU
		{1BCC9995-871D-40EF-8E74-81B60D806AD4}.Debug|Any CPU.ActiveCfg = Debug|Any CPU
		{1BCC9995-871D-40EF-8E74-81B60D806AD4}.Debug|Any CPU.Build.0 = Debug|Any CPU
		{1BCC9995-871D-40EF-8E74-81B60D806AD4}.Release|Any CPU.ActiveCfg = Release|Any CPU
		{1BCC9995-871D-40EF-8E74-81B60D806AD4}.Release|Any CPU.Build.0 = Release|Any CPU
	EndGlobalSection
EndGlobal
