
Microsoft Visual Studio Solution File, Format Version 12.00
# Visual Studio Version 17
VisualStudioVersion = 17.2.32616.157
MinimumVisualStudioVersion = 10.0.40219.1
Project("{9A19103F-16F7-4668-BE54-9A1E7A4F7556}") = "GitCli", "GitCli\GitCli.csproj", "{B5104C88-36B3-420A-AF40-8D95361D53C9}"
EndProject
Project("{9A19103F-16F7-4668-BE54-9A1E7A4F7556}") = "T1.Standard", "..\..\..\MyGitHub\T1.Standard\T1.Standard\T1.Standard.csproj", "{A1AF6668-C6EC-4616-8BE8-EEECB46CBF8E}"
EndProject
Project("{9A19103F-16F7-4668-BE54-9A1E7A4F7556}") = "GitCliTest", "GitCliTest\GitCliTest.csproj", "{2A9CB7BB-5639-4EAD-AAAD-0E0969900966}"
EndProject
Project("{9A19103F-16F7-4668-BE54-9A1E7A4F7556}") = "T1.SourceGeneratorKit", "..\..\..\MyGitHub\T1.SourceGeneratorKit\T1.SourceGeneratorKit\T1.SourceGeneratorKit.csproj", "{8A27723B-DCDC-4FCB-82DD-B7EF41F15378}"
EndProject
Global
	GlobalSection(SolutionConfigurationPlatforms) = preSolution
		Debug|Any CPU = Debug|Any CPU
		Release|Any CPU = Release|Any CPU
	EndGlobalSection
	GlobalSection(ProjectConfigurationPlatforms) = postSolution
		{B5104C88-36B3-420A-AF40-8D95361D53C9}.Debug|Any CPU.ActiveCfg = Debug|Any CPU
		{B5104C88-36B3-420A-AF40-8D95361D53C9}.Debug|Any CPU.Build.0 = Debug|Any CPU
		{B5104C88-36B3-420A-AF40-8D95361D53C9}.Release|Any CPU.ActiveCfg = Release|Any CPU
		{B5104C88-36B3-420A-AF40-8D95361D53C9}.Release|Any CPU.Build.0 = Release|Any CPU
		{A1AF6668-C6EC-4616-8BE8-EEECB46CBF8E}.Debug|Any CPU.ActiveCfg = Debug|Any CPU
		{A1AF6668-C6EC-4616-8BE8-EEECB46CBF8E}.Debug|Any CPU.Build.0 = Debug|Any CPU
		{A1AF6668-C6EC-4616-8BE8-EEECB46CBF8E}.Release|Any CPU.ActiveCfg = Release|Any CPU
		{A1AF6668-C6EC-4616-8BE8-EEECB46CBF8E}.Release|Any CPU.Build.0 = Release|Any CPU
		{2A9CB7BB-5639-4EAD-AAAD-0E0969900966}.Debug|Any CPU.ActiveCfg = Debug|Any CPU
		{2A9CB7BB-5639-4EAD-AAAD-0E0969900966}.Debug|Any CPU.Build.0 = Debug|Any CPU
		{2A9CB7BB-5639-4EAD-AAAD-0E0969900966}.Release|Any CPU.ActiveCfg = Release|Any CPU
		{2A9CB7BB-5639-4EAD-AAAD-0E0969900966}.Release|Any CPU.Build.0 = Release|Any CPU
		{8A27723B-DCDC-4FCB-82DD-B7EF41F15378}.Debug|Any CPU.ActiveCfg = Debug|Any CPU
		{8A27723B-DCDC-4FCB-82DD-B7EF41F15378}.Debug|Any CPU.Build.0 = Debug|Any CPU
		{8A27723B-DCDC-4FCB-82DD-B7EF41F15378}.Release|Any CPU.ActiveCfg = Release|Any CPU
		{8A27723B-DCDC-4FCB-82DD-B7EF41F15378}.Release|Any CPU.Build.0 = Release|Any CPU
	EndGlobalSection
	GlobalSection(SolutionProperties) = preSolution
		HideSolutionNode = FALSE
	EndGlobalSection
	GlobalSection(ExtensibilityGlobals) = postSolution
		SolutionGuid = {6D42E840-77C8-463E-8561-72AAF10932EE}
	EndGlobalSection
EndGlobal
