
Microsoft Visual Studio Solution File, Format Version 12.00
# Visual Studio Version 17
VisualStudioVersion = 17.1.32210.238
MinimumVisualStudioVersion = 10.0.40219.1
Project("{9A19103F-16F7-4668-BE54-9A1E7A4F7556}") = "PreviewLibrary", "PreviewLibrary\PreviewLibrary.csproj", "{C95AE515-342D-49FC-8EE0-54C0184EF0EF}"
EndProject
Project("{FAE04EC0-301F-11D3-BF4B-00C04F79EFBC}") = "TestProject", "TestProject\TestProject.csproj", "{76EE40EB-F3C7-494A-8B6E-7B9553CE7328}"
EndProject
Global
	GlobalSection(SolutionConfigurationPlatforms) = preSolution
		Debug|Any CPU = Debug|Any CPU
		Release|Any CPU = Release|Any CPU
	EndGlobalSection
	GlobalSection(ProjectConfigurationPlatforms) = postSolution
		{C95AE515-342D-49FC-8EE0-54C0184EF0EF}.Debug|Any CPU.ActiveCfg = Debug|Any CPU
		{C95AE515-342D-49FC-8EE0-54C0184EF0EF}.Debug|Any CPU.Build.0 = Debug|Any CPU
		{C95AE515-342D-49FC-8EE0-54C0184EF0EF}.Release|Any CPU.ActiveCfg = Release|Any CPU
		{C95AE515-342D-49FC-8EE0-54C0184EF0EF}.Release|Any CPU.Build.0 = Release|Any CPU
		{76EE40EB-F3C7-494A-8B6E-7B9553CE7328}.Debug|Any CPU.ActiveCfg = Debug|Any CPU
		{76EE40EB-F3C7-494A-8B6E-7B9553CE7328}.Debug|Any CPU.Build.0 = Debug|Any CPU
		{76EE40EB-F3C7-494A-8B6E-7B9553CE7328}.Release|Any CPU.ActiveCfg = Release|Any CPU
		{76EE40EB-F3C7-494A-8B6E-7B9553CE7328}.Release|Any CPU.Build.0 = Release|Any CPU
	EndGlobalSection
	GlobalSection(SolutionProperties) = preSolution
		HideSolutionNode = FALSE
	EndGlobalSection
	GlobalSection(ExtensibilityGlobals) = postSolution
		SolutionGuid = {6D01B857-22AD-460C-9A9E-1285E7E19949}
	EndGlobalSection
EndGlobal
