
Microsoft Visual Studio Solution File, Format Version 12.00
# Visual Studio Version 17
VisualStudioVersion = 17.1.32414.318
MinimumVisualStudioVersion = 10.0.40219.1
Project("{9A19103F-16F7-4668-BE54-9A1E7A4F7556}") = "PizzaWeb", "PizzaWeb\PizzaWeb.csproj", "{BA3177C2-F4E5-4FFB-8E71-149BFB8172AD}"
EndProject
Project("{9092AA53-FB77-4645-B42D-1CCCA6BD08BD}") = "PizzaLauncher", "PizzaLauncher\PizzaLauncher.njsproj", "{16A2DB0A-3BBD-44D9-BCD5-C9B5438192E0}"
EndProject
Project("{9092AA53-FB77-4645-B42D-1CCCA6BD08BD}") = "PizzaApp", "PizzaApp\PizzaApp.njsproj", "{F2486E51-3BAC-4866-A092-F7F54402953D}"
EndProject
Project("{9A19103F-16F7-4668-BE54-9A1E7A4F7556}") = "TestProject", "TestProject\TestProject.csproj", "{2333CD10-5762-4326-9397-9875C1068A5F}"
EndProject
Global
	GlobalSection(SolutionConfigurationPlatforms) = preSolution
		Debug|Any CPU = Debug|Any CPU
		Release|Any CPU = Release|Any CPU
	EndGlobalSection
	GlobalSection(ProjectConfigurationPlatforms) = postSolution
		{BA3177C2-F4E5-4FFB-8E71-149BFB8172AD}.Debug|Any CPU.ActiveCfg = Debug|Any CPU
		{BA3177C2-F4E5-4FFB-8E71-149BFB8172AD}.Debug|Any CPU.Build.0 = Debug|Any CPU
		{BA3177C2-F4E5-4FFB-8E71-149BFB8172AD}.Release|Any CPU.ActiveCfg = Release|Any CPU
		{BA3177C2-F4E5-4FFB-8E71-149BFB8172AD}.Release|Any CPU.Build.0 = Release|Any CPU
		{16A2DB0A-3BBD-44D9-BCD5-C9B5438192E0}.Debug|Any CPU.ActiveCfg = Debug|Any CPU
		{16A2DB0A-3BBD-44D9-BCD5-C9B5438192E0}.Debug|Any CPU.Build.0 = Debug|Any CPU
		{16A2DB0A-3BBD-44D9-BCD5-C9B5438192E0}.Release|Any CPU.ActiveCfg = Release|Any CPU
		{16A2DB0A-3BBD-44D9-BCD5-C9B5438192E0}.Release|Any CPU.Build.0 = Release|Any CPU
		{F2486E51-3BAC-4866-A092-F7F54402953D}.Debug|Any CPU.ActiveCfg = Debug|Any CPU
		{F2486E51-3BAC-4866-A092-F7F54402953D}.Debug|Any CPU.Build.0 = Debug|Any CPU
		{F2486E51-3BAC-4866-A092-F7F54402953D}.Release|Any CPU.ActiveCfg = Release|Any CPU
		{F2486E51-3BAC-4866-A092-F7F54402953D}.Release|Any CPU.Build.0 = Release|Any CPU
		{2333CD10-5762-4326-9397-9875C1068A5F}.Debug|Any CPU.ActiveCfg = Debug|Any CPU
		{2333CD10-5762-4326-9397-9875C1068A5F}.Debug|Any CPU.Build.0 = Debug|Any CPU
		{2333CD10-5762-4326-9397-9875C1068A5F}.Release|Any CPU.ActiveCfg = Release|Any CPU
		{2333CD10-5762-4326-9397-9875C1068A5F}.Release|Any CPU.Build.0 = Release|Any CPU
	EndGlobalSection
	GlobalSection(SolutionProperties) = preSolution
		HideSolutionNode = FALSE
	EndGlobalSection
	GlobalSection(ExtensibilityGlobals) = postSolution
		SolutionGuid = {25141850-5BBA-4923-B24C-72075A68124E}
	EndGlobalSection
EndGlobal
